
Microsoft Visual Studio Solution File, Format Version 12.00
# Visual Studio Version 16
VisualStudioVersion = 16.0.30517.126
MinimumVisualStudioVersion = 10.0.40219.1
Project("{8BC9CEB8-8B4A-11D0-8D11-00A0C91BC942}") = "Level3_test", "Level3_test\Level3_test.vcxproj", "{A4C21C64-0031-4F49-9D66-7E91023F8418}"
EndProject
Project("{8BC9CEB8-8B4A-11D0-8D11-00A0C91BC942}") = "Shuttle_bus", "Shuttle_bus\Shuttle_bus.vcxproj", "{37965F04-D80E-445E-95C1-70CE24887809}"
EndProject
Project("{8BC9CEB8-8B4A-11D0-8D11-00A0C91BC942}") = "Brian", "Brian\Brian.vcxproj", "{E5F93BFA-9092-4A05-9AF7-06BC49DD7596}"
EndProject
Project("{8BC9CEB8-8B4A-11D0-8D11-00A0C91BC942}") = "TempBridge", "TempBridge\TempBridge.vcxproj", "{533C2362-7BD4-480D-9B5A-1A8007EC3A7C}"
EndProject
Project("{8BC9CEB8-8B4A-11D0-8D11-00A0C91BC942}") = "OutWallCheck", "OutWallCheck\OutWallCheck.vcxproj", "{8344C792-81F7-425F-B313-8C35B9ECA64F}"
EndProject
Project("{8BC9CEB8-8B4A-11D0-8D11-00A0C91BC942}") = "NightWork", "NightWork\NightWork.vcxproj", "{23D68327-8FD3-4E5D-916C-950BDD1123A4}"
EndProject
Project("{8BC9CEB8-8B4A-11D0-8D11-00A0C91BC942}") = "FloydExample", "FloydExample\FloydExample.vcxproj", "{7C303897-AEE0-4320-A2F7-E1E67CB2307A}"
EndProject
Project("{8BC9CEB8-8B4A-11D0-8D11-00A0C91BC942}") = "MakeChange", "MakeChange\MakeChange.vcxproj", "{4471D1F1-2C21-45FF-A3B8-19781D4A5293}"
EndProject
Project("{8BC9CEB8-8B4A-11D0-8D11-00A0C91BC942}") = "JewelShopping", "JewelShopping\JewelShopping.vcxproj", "{2C6EE100-1A45-47C1-B051-239F77B919D9}"
EndProject
Project("{8BC9CEB8-8B4A-11D0-8D11-00A0C91BC942}") = "Antenna", "Antenna\Antenna.vcxproj", "{33636FCC-031B-4C08-A9EB-A3265AA80D6C}"
EndProject
Project("{8BC9CEB8-8B4A-11D0-8D11-00A0C91BC942}") = "EulerLine", "EulerLine\EulerLine.vcxproj", "{922551A0-1CF1-4B84-A822-7C31618946B3}"
EndProject
Global
	GlobalSection(SolutionConfigurationPlatforms) = preSolution
		Debug|x64 = Debug|x64
		Debug|x86 = Debug|x86
		Release|x64 = Release|x64
		Release|x86 = Release|x86
	EndGlobalSection
	GlobalSection(ProjectConfigurationPlatforms) = postSolution
		{A4C21C64-0031-4F49-9D66-7E91023F8418}.Debug|x64.ActiveCfg = Debug|x64
		{A4C21C64-0031-4F49-9D66-7E91023F8418}.Debug|x64.Build.0 = Debug|x64
		{A4C21C64-0031-4F49-9D66-7E91023F8418}.Debug|x86.ActiveCfg = Debug|Win32
		{A4C21C64-0031-4F49-9D66-7E91023F8418}.Debug|x86.Build.0 = Debug|Win32
		{A4C21C64-0031-4F49-9D66-7E91023F8418}.Release|x64.ActiveCfg = Release|x64
		{A4C21C64-0031-4F49-9D66-7E91023F8418}.Release|x64.Build.0 = Release|x64
		{A4C21C64-0031-4F49-9D66-7E91023F8418}.Release|x86.ActiveCfg = Release|Win32
		{A4C21C64-0031-4F49-9D66-7E91023F8418}.Release|x86.Build.0 = Release|Win32
		{37965F04-D80E-445E-95C1-70CE24887809}.Debug|x64.ActiveCfg = Debug|x64
		{37965F04-D80E-445E-95C1-70CE24887809}.Debug|x64.Build.0 = Debug|x64
		{37965F04-D80E-445E-95C1-70CE24887809}.Debug|x86.ActiveCfg = Debug|Win32
		{37965F04-D80E-445E-95C1-70CE24887809}.Debug|x86.Build.0 = Debug|Win32
		{37965F04-D80E-445E-95C1-70CE24887809}.Release|x64.ActiveCfg = Release|x64
		{37965F04-D80E-445E-95C1-70CE24887809}.Release|x64.Build.0 = Release|x64
		{37965F04-D80E-445E-95C1-70CE24887809}.Release|x86.ActiveCfg = Release|Win32
		{37965F04-D80E-445E-95C1-70CE24887809}.Release|x86.Build.0 = Release|Win32
		{E5F93BFA-9092-4A05-9AF7-06BC49DD7596}.Debug|x64.ActiveCfg = Debug|x64
		{E5F93BFA-9092-4A05-9AF7-06BC49DD7596}.Debug|x64.Build.0 = Debug|x64
		{E5F93BFA-9092-4A05-9AF7-06BC49DD7596}.Debug|x86.ActiveCfg = Debug|Win32
		{E5F93BFA-9092-4A05-9AF7-06BC49DD7596}.Debug|x86.Build.0 = Debug|Win32
		{E5F93BFA-9092-4A05-9AF7-06BC49DD7596}.Release|x64.ActiveCfg = Release|x64
		{E5F93BFA-9092-4A05-9AF7-06BC49DD7596}.Release|x64.Build.0 = Release|x64
		{E5F93BFA-9092-4A05-9AF7-06BC49DD7596}.Release|x86.ActiveCfg = Release|Win32
		{E5F93BFA-9092-4A05-9AF7-06BC49DD7596}.Release|x86.Build.0 = Release|Win32
		{533C2362-7BD4-480D-9B5A-1A8007EC3A7C}.Debug|x64.ActiveCfg = Debug|x64
		{533C2362-7BD4-480D-9B5A-1A8007EC3A7C}.Debug|x64.Build.0 = Debug|x64
		{533C2362-7BD4-480D-9B5A-1A8007EC3A7C}.Debug|x86.ActiveCfg = Debug|Win32
		{533C2362-7BD4-480D-9B5A-1A8007EC3A7C}.Debug|x86.Build.0 = Debug|Win32
		{533C2362-7BD4-480D-9B5A-1A8007EC3A7C}.Release|x64.ActiveCfg = Release|x64
		{533C2362-7BD4-480D-9B5A-1A8007EC3A7C}.Release|x64.Build.0 = Release|x64
		{533C2362-7BD4-480D-9B5A-1A8007EC3A7C}.Release|x86.ActiveCfg = Release|Win32
		{533C2362-7BD4-480D-9B5A-1A8007EC3A7C}.Release|x86.Build.0 = Release|Win32
		{8344C792-81F7-425F-B313-8C35B9ECA64F}.Debug|x64.ActiveCfg = Debug|x64
		{8344C792-81F7-425F-B313-8C35B9ECA64F}.Debug|x64.Build.0 = Debug|x64
		{8344C792-81F7-425F-B313-8C35B9ECA64F}.Debug|x86.ActiveCfg = Debug|Win32
		{8344C792-81F7-425F-B313-8C35B9ECA64F}.Debug|x86.Build.0 = Debug|Win32
		{8344C792-81F7-425F-B313-8C35B9ECA64F}.Release|x64.ActiveCfg = Release|x64
		{8344C792-81F7-425F-B313-8C35B9ECA64F}.Release|x64.Build.0 = Release|x64
		{8344C792-81F7-425F-B313-8C35B9ECA64F}.Release|x86.ActiveCfg = Release|Win32
		{8344C792-81F7-425F-B313-8C35B9ECA64F}.Release|x86.Build.0 = Release|Win32
		{23D68327-8FD3-4E5D-916C-950BDD1123A4}.Debug|x64.ActiveCfg = Debug|x64
		{23D68327-8FD3-4E5D-916C-950BDD1123A4}.Debug|x64.Build.0 = Debug|x64
		{23D68327-8FD3-4E5D-916C-950BDD1123A4}.Debug|x86.ActiveCfg = Debug|Win32
		{23D68327-8FD3-4E5D-916C-950BDD1123A4}.Debug|x86.Build.0 = Debug|Win32
		{23D68327-8FD3-4E5D-916C-950BDD1123A4}.Release|x64.ActiveCfg = Release|x64
		{23D68327-8FD3-4E5D-916C-950BDD1123A4}.Release|x64.Build.0 = Release|x64
		{23D68327-8FD3-4E5D-916C-950BDD1123A4}.Release|x86.ActiveCfg = Release|Win32
		{23D68327-8FD3-4E5D-916C-950BDD1123A4}.Release|x86.Build.0 = Release|Win32
		{7C303897-AEE0-4320-A2F7-E1E67CB2307A}.Debug|x64.ActiveCfg = Debug|x64
		{7C303897-AEE0-4320-A2F7-E1E67CB2307A}.Debug|x64.Build.0 = Debug|x64
		{7C303897-AEE0-4320-A2F7-E1E67CB2307A}.Debug|x86.ActiveCfg = Debug|Win32
		{7C303897-AEE0-4320-A2F7-E1E67CB2307A}.Debug|x86.Build.0 = Debug|Win32
		{7C303897-AEE0-4320-A2F7-E1E67CB2307A}.Release|x64.ActiveCfg = Release|x64
		{7C303897-AEE0-4320-A2F7-E1E67CB2307A}.Release|x64.Build.0 = Release|x64
		{7C303897-AEE0-4320-A2F7-E1E67CB2307A}.Release|x86.ActiveCfg = Release|Win32
		{7C303897-AEE0-4320-A2F7-E1E67CB2307A}.Release|x86.Build.0 = Release|Win32
		{4471D1F1-2C21-45FF-A3B8-19781D4A5293}.Debug|x64.ActiveCfg = Debug|x64
		{4471D1F1-2C21-45FF-A3B8-19781D4A5293}.Debug|x64.Build.0 = Debug|x64
		{4471D1F1-2C21-45FF-A3B8-19781D4A5293}.Debug|x86.ActiveCfg = Debug|Win32
		{4471D1F1-2C21-45FF-A3B8-19781D4A5293}.Debug|x86.Build.0 = Debug|Win32
		{4471D1F1-2C21-45FF-A3B8-19781D4A5293}.Release|x64.ActiveCfg = Release|x64
		{4471D1F1-2C21-45FF-A3B8-19781D4A5293}.Release|x64.Build.0 = Release|x64
		{4471D1F1-2C21-45FF-A3B8-19781D4A5293}.Release|x86.ActiveCfg = Release|Win32
		{4471D1F1-2C21-45FF-A3B8-19781D4A5293}.Release|x86.Build.0 = Release|Win32
		{2C6EE100-1A45-47C1-B051-239F77B919D9}.Debug|x64.ActiveCfg = Debug|x64
		{2C6EE100-1A45-47C1-B051-239F77B919D9}.Debug|x64.Build.0 = Debug|x64
		{2C6EE100-1A45-47C1-B051-239F77B919D9}.Debug|x86.ActiveCfg = Debug|Win32
		{2C6EE100-1A45-47C1-B051-239F77B919D9}.Debug|x86.Build.0 = Debug|Win32
		{2C6EE100-1A45-47C1-B051-239F77B919D9}.Release|x64.ActiveCfg = Release|x64
		{2C6EE100-1A45-47C1-B051-239F77B919D9}.Release|x64.Build.0 = Release|x64
		{2C6EE100-1A45-47C1-B051-239F77B919D9}.Release|x86.ActiveCfg = Release|Win32
		{2C6EE100-1A45-47C1-B051-239F77B919D9}.Release|x86.Build.0 = Release|Win32
		{33636FCC-031B-4C08-A9EB-A3265AA80D6C}.Debug|x64.ActiveCfg = Debug|x64
		{33636FCC-031B-4C08-A9EB-A3265AA80D6C}.Debug|x64.Build.0 = Debug|x64
		{33636FCC-031B-4C08-A9EB-A3265AA80D6C}.Debug|x86.ActiveCfg = Debug|Win32
		{33636FCC-031B-4C08-A9EB-A3265AA80D6C}.Debug|x86.Build.0 = Debug|Win32
		{33636FCC-031B-4C08-A9EB-A3265AA80D6C}.Release|x64.ActiveCfg = Release|x64
		{33636FCC-031B-4C08-A9EB-A3265AA80D6C}.Release|x64.Build.0 = Release|x64
		{33636FCC-031B-4C08-A9EB-A3265AA80D6C}.Release|x86.ActiveCfg = Release|Win32
		{33636FCC-031B-4C08-A9EB-A3265AA80D6C}.Release|x86.Build.0 = Release|Win32
		{922551A0-1CF1-4B84-A822-7C31618946B3}.Debug|x64.ActiveCfg = Debug|x64
		{922551A0-1CF1-4B84-A822-7C31618946B3}.Debug|x64.Build.0 = Debug|x64
		{922551A0-1CF1-4B84-A822-7C31618946B3}.Debug|x86.ActiveCfg = Debug|Win32
		{922551A0-1CF1-4B84-A822-7C31618946B3}.Debug|x86.Build.0 = Debug|Win32
		{922551A0-1CF1-4B84-A822-7C31618946B3}.Release|x64.ActiveCfg = Release|x64
		{922551A0-1CF1-4B84-A822-7C31618946B3}.Release|x64.Build.0 = Release|x64
		{922551A0-1CF1-4B84-A822-7C31618946B3}.Release|x86.ActiveCfg = Release|Win32
		{922551A0-1CF1-4B84-A822-7C31618946B3}.Release|x86.Build.0 = Release|Win32
	EndGlobalSection
	GlobalSection(SolutionProperties) = preSolution
		HideSolutionNode = FALSE
	EndGlobalSection
	GlobalSection(ExtensibilityGlobals) = postSolution
		SolutionGuid = {42D98A13-956C-41ED-94E4-7B107E38B7E3}
	EndGlobalSection
EndGlobal
