
Microsoft Visual Studio Solution File, Format Version 12.00
# Visual Studio Version 16
VisualStudioVersion = 16.0.30517.126
MinimumVisualStudioVersion = 10.0.40219.1
Project("{8BC9CEB8-8B4A-11D0-8D11-00A0C91BC942}") = "CodingInterview", "CodingInterview\CodingInterview.vcxproj", "{F9961859-DE89-4BD6-A428-44ABD69066E1}"
EndProject
Project("{8BC9CEB8-8B4A-11D0-8D11-00A0C91BC942}") = "DiskController", "DiskController\DiskController.vcxproj", "{E2118639-A443-4AD7-AE47-4CA74C2ED35F}"
EndProject
Project("{8BC9CEB8-8B4A-11D0-8D11-00A0C91BC942}") = "Network", "Network\Network.vcxproj", "{F77B0CAA-3BFD-4175-8B79-BDDDD7989F66}"
EndProject
Project("{8BC9CEB8-8B4A-11D0-8D11-00A0C91BC942}") = "BestAlbum", "BestAlbum\BestAlbum.vcxproj", "{D4DD9C57-DCEE-455C-BF82-200B4F9399AE}"
EndProject
Project("{8BC9CEB8-8B4A-11D0-8D11-00A0C91BC942}") = "Passport", "Passport\Passport.vcxproj", "{12DBAA14-F393-4CEB-AEAF-DF4F936EED70}"
EndProject
Project("{8BC9CEB8-8B4A-11D0-8D11-00A0C91BC942}") = "Island", "Island\Island.vcxproj", "{D88B073C-1117-4A2A-9C3E-41191D07A0FF}"
EndProject
Project("{8BC9CEB8-8B4A-11D0-8D11-00A0C91BC942}") = "NetworkFlow", "NetworkFlow\NetworkFlow.vcxproj", "{954C7667-4451-409B-83B7-17C28BE6C3C4}"
EndProject
Global
	GlobalSection(SolutionConfigurationPlatforms) = preSolution
		Debug|x64 = Debug|x64
		Debug|x86 = Debug|x86
		Release|x64 = Release|x64
		Release|x86 = Release|x86
	EndGlobalSection
	GlobalSection(ProjectConfigurationPlatforms) = postSolution
		{F9961859-DE89-4BD6-A428-44ABD69066E1}.Debug|x64.ActiveCfg = Debug|x64
		{F9961859-DE89-4BD6-A428-44ABD69066E1}.Debug|x64.Build.0 = Debug|x64
		{F9961859-DE89-4BD6-A428-44ABD69066E1}.Debug|x86.ActiveCfg = Debug|Win32
		{F9961859-DE89-4BD6-A428-44ABD69066E1}.Debug|x86.Build.0 = Debug|Win32
		{F9961859-DE89-4BD6-A428-44ABD69066E1}.Release|x64.ActiveCfg = Release|x64
		{F9961859-DE89-4BD6-A428-44ABD69066E1}.Release|x64.Build.0 = Release|x64
		{F9961859-DE89-4BD6-A428-44ABD69066E1}.Release|x86.ActiveCfg = Release|Win32
		{F9961859-DE89-4BD6-A428-44ABD69066E1}.Release|x86.Build.0 = Release|Win32
		{E2118639-A443-4AD7-AE47-4CA74C2ED35F}.Debug|x64.ActiveCfg = Debug|x64
		{E2118639-A443-4AD7-AE47-4CA74C2ED35F}.Debug|x64.Build.0 = Debug|x64
		{E2118639-A443-4AD7-AE47-4CA74C2ED35F}.Debug|x86.ActiveCfg = Debug|Win32
		{E2118639-A443-4AD7-AE47-4CA74C2ED35F}.Debug|x86.Build.0 = Debug|Win32
		{E2118639-A443-4AD7-AE47-4CA74C2ED35F}.Release|x64.ActiveCfg = Release|x64
		{E2118639-A443-4AD7-AE47-4CA74C2ED35F}.Release|x64.Build.0 = Release|x64
		{E2118639-A443-4AD7-AE47-4CA74C2ED35F}.Release|x86.ActiveCfg = Release|Win32
		{E2118639-A443-4AD7-AE47-4CA74C2ED35F}.Release|x86.Build.0 = Release|Win32
		{F77B0CAA-3BFD-4175-8B79-BDDDD7989F66}.Debug|x64.ActiveCfg = Debug|x64
		{F77B0CAA-3BFD-4175-8B79-BDDDD7989F66}.Debug|x64.Build.0 = Debug|x64
		{F77B0CAA-3BFD-4175-8B79-BDDDD7989F66}.Debug|x86.ActiveCfg = Debug|Win32
		{F77B0CAA-3BFD-4175-8B79-BDDDD7989F66}.Debug|x86.Build.0 = Debug|Win32
		{F77B0CAA-3BFD-4175-8B79-BDDDD7989F66}.Release|x64.ActiveCfg = Release|x64
		{F77B0CAA-3BFD-4175-8B79-BDDDD7989F66}.Release|x64.Build.0 = Release|x64
		{F77B0CAA-3BFD-4175-8B79-BDDDD7989F66}.Release|x86.ActiveCfg = Release|Win32
		{F77B0CAA-3BFD-4175-8B79-BDDDD7989F66}.Release|x86.Build.0 = Release|Win32
		{D4DD9C57-DCEE-455C-BF82-200B4F9399AE}.Debug|x64.ActiveCfg = Debug|x64
		{D4DD9C57-DCEE-455C-BF82-200B4F9399AE}.Debug|x64.Build.0 = Debug|x64
		{D4DD9C57-DCEE-455C-BF82-200B4F9399AE}.Debug|x86.ActiveCfg = Debug|Win32
		{D4DD9C57-DCEE-455C-BF82-200B4F9399AE}.Debug|x86.Build.0 = Debug|Win32
		{D4DD9C57-DCEE-455C-BF82-200B4F9399AE}.Release|x64.ActiveCfg = Release|x64
		{D4DD9C57-DCEE-455C-BF82-200B4F9399AE}.Release|x64.Build.0 = Release|x64
		{D4DD9C57-DCEE-455C-BF82-200B4F9399AE}.Release|x86.ActiveCfg = Release|Win32
		{D4DD9C57-DCEE-455C-BF82-200B4F9399AE}.Release|x86.Build.0 = Release|Win32
		{12DBAA14-F393-4CEB-AEAF-DF4F936EED70}.Debug|x64.ActiveCfg = Debug|x64
		{12DBAA14-F393-4CEB-AEAF-DF4F936EED70}.Debug|x64.Build.0 = Debug|x64
		{12DBAA14-F393-4CEB-AEAF-DF4F936EED70}.Debug|x86.ActiveCfg = Debug|Win32
		{12DBAA14-F393-4CEB-AEAF-DF4F936EED70}.Debug|x86.Build.0 = Debug|Win32
		{12DBAA14-F393-4CEB-AEAF-DF4F936EED70}.Release|x64.ActiveCfg = Release|x64
		{12DBAA14-F393-4CEB-AEAF-DF4F936EED70}.Release|x64.Build.0 = Release|x64
		{12DBAA14-F393-4CEB-AEAF-DF4F936EED70}.Release|x86.ActiveCfg = Release|Win32
		{12DBAA14-F393-4CEB-AEAF-DF4F936EED70}.Release|x86.Build.0 = Release|Win32
		{D88B073C-1117-4A2A-9C3E-41191D07A0FF}.Debug|x64.ActiveCfg = Debug|x64
		{D88B073C-1117-4A2A-9C3E-41191D07A0FF}.Debug|x64.Build.0 = Debug|x64
		{D88B073C-1117-4A2A-9C3E-41191D07A0FF}.Debug|x86.ActiveCfg = Debug|Win32
		{D88B073C-1117-4A2A-9C3E-41191D07A0FF}.Debug|x86.Build.0 = Debug|Win32
		{D88B073C-1117-4A2A-9C3E-41191D07A0FF}.Release|x64.ActiveCfg = Release|x64
		{D88B073C-1117-4A2A-9C3E-41191D07A0FF}.Release|x64.Build.0 = Release|x64
		{D88B073C-1117-4A2A-9C3E-41191D07A0FF}.Release|x86.ActiveCfg = Release|Win32
		{D88B073C-1117-4A2A-9C3E-41191D07A0FF}.Release|x86.Build.0 = Release|Win32
		{954C7667-4451-409B-83B7-17C28BE6C3C4}.Debug|x64.ActiveCfg = Debug|x64
		{954C7667-4451-409B-83B7-17C28BE6C3C4}.Debug|x64.Build.0 = Debug|x64
		{954C7667-4451-409B-83B7-17C28BE6C3C4}.Debug|x86.ActiveCfg = Debug|Win32
		{954C7667-4451-409B-83B7-17C28BE6C3C4}.Debug|x86.Build.0 = Debug|Win32
		{954C7667-4451-409B-83B7-17C28BE6C3C4}.Release|x64.ActiveCfg = Release|x64
		{954C7667-4451-409B-83B7-17C28BE6C3C4}.Release|x64.Build.0 = Release|x64
		{954C7667-4451-409B-83B7-17C28BE6C3C4}.Release|x86.ActiveCfg = Release|Win32
		{954C7667-4451-409B-83B7-17C28BE6C3C4}.Release|x86.Build.0 = Release|Win32
	EndGlobalSection
	GlobalSection(SolutionProperties) = preSolution
		HideSolutionNode = FALSE
	EndGlobalSection
	GlobalSection(ExtensibilityGlobals) = postSolution
		SolutionGuid = {611281BF-39E4-489D-B6DA-BEE52C3D7DA1}
	EndGlobalSection
EndGlobal
