<?xml version="1.0" encoding="utf-8"?>
<Project ToolsVersion="4.0" xmlns="http://schemas.microsoft.com/developer/msbuild/2003">
  <ItemGroup>
    <Filter Include="Utils">
      <UniqueIdentifier>{dbae7ae0-a0c4-4558-952d-f779c961ae08}</UniqueIdentifier>
    </Filter>
  </ItemGroup>
  <ItemGroup>
    <ClCompile Include="GameServer.cpp" />
    <ClCompile Include="pch.cpp">
      <Filter>Utils</Filter>
    </ClCompile>
    <ClCompile Include="GameSession.cpp" />
    <ClCompile Include="GameSessionManager.cpp" />
    <ClCompile Include="ServerPacketHandler.cpp" />
  </ItemGroup>
  <ItemGroup>
    <ClInclude Include="pch.h">
      <Filter>Utils</Filter>
    </ClInclude>
    <ClInclude Include="GameSession.h" />
    <ClInclude Include="GameSessionManager.h" />
    <ClInclude Include="ServerPacketHandler.h" />
  </ItemGroup>
</Project>