<?xml version="1.0" encoding="utf-8"?>
<Project ToolsVersion="4.0" xmlns="http://schemas.microsoft.com/developer/msbuild/2003">
  <ItemGroup>
    <Filter Include="소스 파일">
      <UniqueIdentifier>{4FC737F1-C7A5-4376-A066-2A32D752A2FF}</UniqueIdentifier>
      <Extensions>cpp;c;cc;cxx;c++;cppm;ixx;def;odl;idl;hpj;bat;asm;asmx</Extensions>
    </Filter>
    <Filter Include="헤더 파일">
      <UniqueIdentifier>{93995380-89BD-4b04-88EB-625FBE52EBFB}</UniqueIdentifier>
      <Extensions>h;hh;hpp;hxx;h++;hm;inl;inc;ipp;xsd</Extensions>
    </Filter>
    <Filter Include="리소스 파일">
      <UniqueIdentifier>{67DA6AB6-F800-4c08-8B7A-83BB121AAD01}</UniqueIdentifier>
      <Extensions>rc;ico;cur;bmp;dlg;rc2;rct;bin;rgs;gif;jpg;jpeg;jpe;resx;tiff;tif;png;wav;mfcribbon-ms</Extensions>
    </Filter>
    <Filter Include="소스 파일\Chap_1">
      <UniqueIdentifier>{ea1a70df-9c1b-46da-9589-72644a9ee5dc}</UniqueIdentifier>
    </Filter>
    <Filter Include="소스 파일\Chap_2">
      <UniqueIdentifier>{fc01ea71-f57d-4b13-a97a-3d5868d67924}</UniqueIdentifier>
    </Filter>
    <Filter Include="소스 파일\Chap_3">
      <UniqueIdentifier>{886ef1eb-d79a-455a-a6ee-d1f8468dffca}</UniqueIdentifier>
    </Filter>
    <Filter Include="소스 파일\Chap_4">
      <UniqueIdentifier>{40d8334f-edcf-4e52-99f8-15b4cf725e9e}</UniqueIdentifier>
    </Filter>
  </ItemGroup>
  <ItemGroup>
    <ClCompile Include="Algoritm.cpp">
      <Filter>소스 파일</Filter>
    </ClCompile>
    <ClCompile Include="CDSum.cpp">
      <Filter>소스 파일\Chap_1</Filter>
    </ClCompile>
    <ClCompile Include="NatureSum.cpp">
      <Filter>소스 파일\Chap_1</Filter>
    </ClCompile>
    <ClCompile Include="NtoM.cpp">
      <Filter>소스 파일\Chap_1</Filter>
    </ClCompile>
    <ClCompile Include="AgeDelta.cpp">
      <Filter>소스 파일\Chap_1</Filter>
    </ClCompile>
    <ClCompile Include="AgeDelta2.cpp">
      <Filter>소스 파일\Chap_1</Filter>
    </ClCompile>
    <ClCompile Include="RecoverString.cpp">
      <Filter>소스 파일\Chap_1</Filter>
    </ClCompile>
    <ClCompile Include="bracket.cpp">
      <Filter>소스 파일\Chap_1</Filter>
    </ClCompile>
    <ClCompile Include="MathFactor.cpp">
      <Filter>소스 파일\Chap_1</Filter>
    </ClCompile>
    <ClCompile Include="digit_sum.cpp">
      <Filter>소스 파일\Chap_1</Filter>
    </ClCompile>
    <ClCompile Include="total_num_small.cpp">
      <Filter>소스 파일\Chap_1</Filter>
    </ClCompile>
    <ClCompile Include="total_num_large.cpp">
      <Filter>소스 파일\Chap_1</Filter>
    </ClCompile>
    <ClCompile Include="MostUseDigitNum.cpp">
      <Filter>소스 파일\Chap_1</Filter>
    </ClCompile>
    <ClCompile Include="ReversePrime.cpp">
      <Filter>소스 파일\Chap_1</Filter>
    </ClCompile>
    <ClCompile Include="PrimeCount.cpp">
      <Filter>소스 파일\Chap_1</Filter>
    </ClCompile>
    <ClCompile Include="Anagram.cpp">
      <Filter>소스 파일\Chap_1</Filter>
    </ClCompile>
    <ClCompile Include="teacher.cpp">
      <Filter>소스 파일\Chap_1</Filter>
    </ClCompile>
    <ClCompile Include="FloorNoise.cpp">
      <Filter>소스 파일\Chap_1</Filter>
    </ClCompile>
    <ClCompile Include="Kakao_StringZip.cpp">
      <Filter>소스 파일\Chap_1</Filter>
    </ClCompile>
    <ClCompile Include="AngerTrigger.cpp">
      <Filter>소스 파일\Chap_1</Filter>
    </ClCompile>
    <ClCompile Include="RockPaper.cpp">
      <Filter>소스 파일\Chap_1</Filter>
    </ClCompile>
    <ClCompile Include="Tempature.cpp">
      <Filter>소스 파일\Chap_1</Filter>
    </ClCompile>
    <ClCompile Include="Increasement.cpp">
      <Filter>소스 파일\Chap_1</Filter>
    </ClCompile>
    <ClCompile Include="JollyJumper.cpp">
      <Filter>소스 파일\Chap_1</Filter>
    </ClCompile>
    <ClCompile Include="GetRank.cpp">
      <Filter>소스 파일\Chap_1</Filter>
    </ClCompile>
    <ClCompile Include="NFactorial2.cpp">
      <Filter>소스 파일\Chap_1</Filter>
    </ClCompile>
    <ClCompile Include="NFactorial3.cpp">
      <Filter>소스 파일\Chap_1</Filter>
    </ClCompile>
    <ClCompile Include="NFactorial_small.cpp">
      <Filter>소스 파일\Chap_1</Filter>
    </ClCompile>
    <ClCompile Include="CountDigit.cpp">
      <Filter>소스 파일\Chap_1</Filter>
    </ClCompile>
    <ClCompile Include="GetElementWeight.cpp">
      <Filter>소스 파일\Chap_1</Filter>
    </ClCompile>
    <ClCompile Include="QuickSort.cpp">
      <Filter>소스 파일\Chap_2</Filter>
    </ClCompile>
    <ClCompile Include="Number3Get.cpp">
      <Filter>소스 파일\Chap_2</Filter>
    </ClCompile>
    <ClCompile Include="Burblesort.cpp">
      <Filter>소스 파일\Chap_2</Filter>
    </ClCompile>
    <ClCompile Include="BurbleSort2.cpp">
      <Filter>소스 파일\Chap_2</Filter>
    </ClCompile>
    <ClCompile Include="insert.cpp">
      <Filter>소스 파일\Chap_2</Filter>
    </ClCompile>
    <ClCompile Include="InversionSequence.cpp">
      <Filter>소스 파일\Chap_2</Filter>
    </ClCompile>
    <ClCompile Include="MergePractice.cpp">
      <Filter>소스 파일\Chap_2</Filter>
    </ClCompile>
    <ClCompile Include="LRUCache.cpp">
      <Filter>소스 파일\Chap_2</Filter>
    </ClCompile>
    <ClCompile Include="InterSection.cpp">
      <Filter>소스 파일\Chap_2</Filter>
    </ClCompile>
    <ClCompile Include="natureSum2.cpp">
      <Filter>소스 파일\Chap_2</Filter>
    </ClCompile>
    <ClCompile Include="BinarySearch.cpp">
      <Filter>소스 파일\Chap_2</Filter>
    </ClCompile>
    <ClCompile Include="MusicRecord.cpp">
      <Filter>소스 파일\Chap_2</Filter>
    </ClCompile>
    <ClCompile Include="HorseHouse.cpp">
      <Filter>소스 파일\Chap_2</Filter>
    </ClCompile>
    <ClCompile Include="CityMap.cpp">
      <Filter>소스 파일\Chap_2</Filter>
    </ClCompile>
    <ClCompile Include="Princess.cpp">
      <Filter>소스 파일\Chap_2</Filter>
    </ClCompile>
    <ClCompile Include="TestingDevelopment.cpp">
      <Filter>소스 파일\Chap_2</Filter>
    </ClCompile>
    <ClCompile Include="MultiTasking.cpp">
      <Filter>소스 파일\Chap_2</Filter>
    </ClCompile>
    <ClCompile Include="CheckHigh.cpp">
      <Filter>소스 파일\Chap_2</Filter>
    </ClCompile>
    <ClCompile Include="GetAvar.cpp">
      <Filter>소스 파일\Chap_2</Filter>
    </ClCompile>
    <ClCompile Include="BlockStacking.cpp">
      <Filter>소스 파일\Chap_2</Filter>
    </ClCompile>
    <ClCompile Include="NormalSquare.cpp">
      <Filter>소스 파일\Chap_2</Filter>
    </ClCompile>
    <ClCompile Include="FarJump.cpp">
      <Filter>소스 파일\Chap_2</Filter>
    </ClCompile>
    <ClCompile Include="NQueen.cpp">
      <Filter>소스 파일\Chap_2</Filter>
    </ClCompile>
    <ClCompile Include="PassingTruck.cpp">
      <Filter>소스 파일\Chap_2</Filter>
    </ClCompile>
    <ClCompile Include="StationSet.cpp">
      <Filter>소스 파일\Chap_2</Filter>
    </ClCompile>
    <ClCompile Include="change.cpp">
      <Filter>소스 파일\Chap_2</Filter>
    </ClCompile>
    <ClCompile Include="JwelShopping.cpp">
      <Filter>소스 파일\Chap_2</Filter>
    </ClCompile>
    <ClCompile Include="MaxTerritory.cpp">
      <Filter>소스 파일\Chap_2</Filter>
    </ClCompile>
    <ClCompile Include="UglyNumber.cpp">
      <Filter>소스 파일\Chap_2</Filter>
    </ClCompile>
    <ClCompile Include="KConvert.cpp">
      <Filter>소스 파일\Chap_2</Filter>
    </ClCompile>
    <ClCompile Include="CheckBurket.cpp">
      <Filter>소스 파일\Chap_2</Filter>
    </ClCompile>
    <ClCompile Include="EnglishWord.cpp">
      <Filter>소스 파일\Chap_2</Filter>
    </ClCompile>
    <ClCompile Include="DriveTrain.cpp">
      <Filter>소스 파일\Chap_2</Filter>
    </ClCompile>
    <ClCompile Include="SkillTree.cpp">
      <Filter>소스 파일\Chap_2</Filter>
    </ClCompile>
    <ClCompile Include="intTri.cpp">
      <Filter>소스 파일\Chap_3</Filter>
    </ClCompile>
    <ClCompile Include="BestAlbum.cpp">
      <Filter>소스 파일\Chap_2</Filter>
    </ClCompile>
    <ClCompile Include="UseTrie.cpp">
      <Filter>소스 파일\Chap_3</Filter>
    </ClCompile>
    <ClCompile Include="RecursivePractice.cpp">
      <Filter>소스 파일\Chap_3</Filter>
    </ClCompile>
    <ClCompile Include="RecursiveK.cpp">
      <Filter>소스 파일\Chap_3</Filter>
    </ClCompile>
    <ClCompile Include="DFSPractice.cpp">
      <Filter>소스 파일\Chap_3</Filter>
    </ClCompile>
    <ClCompile Include="MakeSubset.cpp">
      <Filter>소스 파일\Chap_3</Filter>
    </ClCompile>
    <ClCompile Include="SameDFS.cpp">
      <Filter>소스 파일\Chap_3</Filter>
    </ClCompile>
    <ClCompile Include="MakeTargetMS.cpp">
      <Filter>소스 파일\Chap_3</Filter>
    </ClCompile>
    <ClCompile Include="MergeSort.cpp">
      <Filter>소스 파일\Chap_3</Filter>
    </ClCompile>
    <ClCompile Include="MakeNode.cpp">
      <Filter>소스 파일\Chap_3</Filter>
    </ClCompile>
    <ClCompile Include="FindWayDFS.cpp">
      <Filter>소스 파일\Chap_3</Filter>
    </ClCompile>
    <ClCompile Include="MazeSearch.cpp">
      <Filter>소스 파일\Chap_3</Filter>
    </ClCompile>
    <ClCompile Include="LessCostWay.cpp">
      <Filter>소스 파일\Chap_3</Filter>
    </ClCompile>
    <ClCompile Include="BfsPractice.cpp">
      <Filter>소스 파일\Chap_3</Filter>
    </ClCompile>
    <ClCompile Include="FindCow.cpp">
      <Filter>소스 파일\Chap_3</Filter>
    </ClCompile>
    <ClCompile Include="PrincessBFS.cpp">
      <Filter>소스 파일\Chap_3</Filter>
    </ClCompile>
    <ClCompile Include="MakeHeap.cpp">
      <Filter>소스 파일\Chap_3</Filter>
    </ClCompile>
    <ClCompile Include="MaxHeapCost.cpp">
      <Filter>소스 파일\Chap_3</Filter>
    </ClCompile>
    <ClCompile Include="MakeSubsetCount.cpp">
      <Filter>소스 파일\Chap_3</Filter>
    </ClCompile>
    <ClCompile Include="UnionFind.cpp">
      <Filter>소스 파일\Chap_3</Filter>
    </ClCompile>
    <ClCompile Include="Kruskal.cpp">
      <Filter>소스 파일\Chap_3</Filter>
    </ClCompile>
    <ClCompile Include="Dijkstar.cpp">
      <Filter>소스 파일\Chap_3</Filter>
    </ClCompile>
    <ClCompile Include="BellmanFloyd.cpp">
      <Filter>소스 파일\Chap_3</Filter>
    </ClCompile>
    <ClCompile Include="MakeSubSetDFS.cpp">
      <Filter>소스 파일\Chap_3</Filter>
    </ClCompile>
    <ClCompile Include="SendMoreMoney.cpp">
      <Filter>소스 파일\Chap_3</Filter>
    </ClCompile>
    <ClCompile Include="MakeVacation.cpp">
      <Filter>소스 파일\Chap_3</Filter>
    </ClCompile>
    <ClCompile Include="MakeCalc.cpp">
      <Filter>소스 파일\Chap_3</Filter>
    </ClCompile>
    <ClCompile Include="Pizza.cpp">
      <Filter>소스 파일\Chap_3</Filter>
    </ClCompile>
    <ClCompile Include="ProgrammersNoodleFac.cpp">
      <Filter>소스 파일\Chap_3</Filter>
    </ClCompile>
    <ClCompile Include="ChangeWord.cpp">
      <Filter>소스 파일\Chap_3</Filter>
    </ClCompile>
    <ClCompile Include="MakeIsland.cpp">
      <Filter>소스 파일\Chap_3</Filter>
    </ClCompile>
    <ClCompile Include="NetWork.cpp">
      <Filter>소스 파일\Chap_3</Filter>
    </ClCompile>
    <ClCompile Include="TargetNumber.cpp">
      <Filter>소스 파일\Chap_3</Filter>
    </ClCompile>
    <ClCompile Include="TripleStep.cpp">
      <Filter>소스 파일\Chap_4</Filter>
    </ClCompile>
    <ClCompile Include="ShortMiro.cpp">
      <Filter>소스 파일\Chap_3</Filter>
    </ClCompile>
    <ClCompile Include="tomato.cpp">
      <Filter>소스 파일\Chap_3</Filter>
    </ClCompile>
    <ClCompile Include="Printer.cpp">
      <Filter>소스 파일\Chap_3</Filter>
    </ClCompile>
    <ClCompile Include="LockAndKey.cpp">
      <Filter>소스 파일\Chap_3</Filter>
    </ClCompile>
    <ClCompile Include="TileDeco.cpp">
      <Filter>소스 파일\Chap_4</Filter>
    </ClCompile>
    <ClCompile Include="LionKing.cpp">
      <Filter>소스 파일\Chap_3</Filter>
    </ClCompile>
    <ClCompile Include="CutRope.cpp">
      <Filter>소스 파일\Chap_4</Filter>
    </ClCompile>
    <ClCompile Include="Stairs.cpp">
      <Filter>소스 파일\Chap_4</Filter>
    </ClCompile>
    <ClCompile Include="LIS.cpp">
      <Filter>소스 파일\Chap_4</Filter>
    </ClCompile>
    <ClCompile Include="SportWear.cpp">
      <Filter>소스 파일\Chap_4</Filter>
    </ClCompile>
    <ClCompile Include="MaxLineLIS.cpp">
      <Filter>소스 파일\Chap_4</Filter>
    </ClCompile>
    <ClCompile Include="MaxTowerHeight.cpp">
      <Filter>소스 파일\Chap_4</Filter>
    </ClCompile>
    <ClCompile Include="Ramen.cpp">
      <Filter>소스 파일\Chap_2</Filter>
    </ClCompile>
    <ClCompile Include="Immigration.cpp">
      <Filter>소스 파일</Filter>
    </ClCompile>
    <ClCompile Include="TravelPort.cpp">
      <Filter>소스 파일</Filter>
    </ClCompile>
    <ClCompile Include="palindrome.cpp">
      <Filter>소스 파일\Chap_1</Filter>
    </ClCompile>
    <ClCompile Include="Scovill.cpp">
      <Filter>소스 파일</Filter>
    </ClCompile>
    <ClCompile Include="Prime.cpp">
      <Filter>소스 파일\Chap_3</Filter>
    </ClCompile>
    <ClCompile Include="ShortWay.cpp">
      <Filter>소스 파일\Chap_4</Filter>
    </ClCompile>
    <ClCompile Include="LifeBoat.cpp">
      <Filter>소스 파일\Chap_4</Filter>
    </ClCompile>
    <ClCompile Include="Drone.cpp">
      <Filter>소스 파일\Chap_3</Filter>
    </ClCompile>
    <ClCompile Include="unfinished.cpp">
      <Filter>소스 파일\Chap_2</Filter>
    </ClCompile>
    <ClCompile Include="MathGG.cpp">
      <Filter>소스 파일\Chap_1</Filter>
    </ClCompile>
    <ClCompile Include="MakeString.cpp">
      <Filter>소스 파일\Chap_1</Filter>
    </ClCompile>
    <ClCompile Include="EnglisgEnding.cpp">
      <Filter>소스 파일\Chap_1</Filter>
    </ClCompile>
    <ClCompile Include="StockPrice.cpp">
      <Filter>소스 파일\Chap_2</Filter>
    </ClCompile>
    <ClCompile Include="VisitLength.cpp">
      <Filter>소스 파일\Chap_1</Filter>
    </ClCompile>
    <ClCompile Include="CheckWin.cpp">
      <Filter>소스 파일\Chap_2</Filter>
    </ClCompile>
    <ClCompile Include="stringzip.cpp">
      <Filter>소스 파일\Chap_1</Filter>
    </ClCompile>
    <ClCompile Include="TruckPass.cpp">
      <Filter>소스 파일</Filter>
    </ClCompile>
    <ClCompile Include="DiskController.cpp">
      <Filter>소스 파일\Chap_3</Filter>
    </ClCompile>
    <ClCompile Include="Theif.cpp">
      <Filter>소스 파일\Chap_4</Filter>
    </ClCompile>
    <ClCompile Include="MiddleChar.cpp">
      <Filter>소스 파일\Chap_1</Filter>
    </ClCompile>
    <ClCompile Include="xFar.cpp">
      <Filter>소스 파일\Chap_1</Filter>
    </ClCompile>
    <ClCompile Include="Coliz.cpp">
      <Filter>소스 파일\Chap_1</Filter>
    </ClCompile>
    <ClCompile Include="MakePrime.cpp">
      <Filter>소스 파일\Chap_3</Filter>
    </ClCompile>
    <ClCompile Include="NotEnough.cpp">
      <Filter>소스 파일\Chap_1</Filter>
    </ClCompile>
    <ClCompile Include="SecretMap.cpp">
      <Filter>소스 파일\Chap_1</Filter>
    </ClCompile>
    <ClCompile Include="Failure.cpp">
      <Filter>소스 파일\Chap_1</Filter>
    </ClCompile>
    <ClCompile Include="charInt.cpp">
      <Filter>소스 파일\Chap_1</Filter>
    </ClCompile>
    <ClCompile Include="ConnectIsland.cpp">
      <Filter>소스 파일\Chap_3</Filter>
    </ClCompile>
    <ClCompile Include="Harshad.cpp">
      <Filter>소스 파일\Chap_2</Filter>
    </ClCompile>
    <ClCompile Include="CheckWall.cpp">
      <Filter>소스 파일\Chap_3</Filter>
    </ClCompile>
    <ClCompile Include="PlusMinus.cpp">
      <Filter>소스 파일\Chap_2</Filter>
    </ClCompile>
  </ItemGroup>
  <ItemGroup>
    <ClInclude Include="Default.h">
      <Filter>헤더 파일</Filter>
    </ClInclude>
    <ClInclude Include="CDSum.h">
      <Filter>소스 파일\Chap_1</Filter>
    </ClInclude>
    <ClInclude Include="NatureSum.h">
      <Filter>소스 파일\Chap_1</Filter>
    </ClInclude>
    <ClInclude Include="NtoM.h">
      <Filter>소스 파일\Chap_1</Filter>
    </ClInclude>
    <ClInclude Include="AgeDelta.h">
      <Filter>소스 파일\Chap_1</Filter>
    </ClInclude>
  </ItemGroup>
</Project>