<?xml version="1.0" encoding="utf-8"?>
<Project ToolsVersion="4.0" xmlns="http://schemas.microsoft.com/developer/msbuild/2003">
  <ItemGroup>
    <ClInclude Include="pch.h">
      <Filter>Utils</Filter>
    </ClInclude>
    <ClInclude Include="d3dx12.h">
      <Filter>Utils</Filter>
    </ClInclude>
    <ClInclude Include="EnginePch.h">
      <Filter>Utils</Filter>
    </ClInclude>
    <ClInclude Include="SwapChain.h">
      <Filter>Engine</Filter>
    </ClInclude>
    <ClInclude Include="CommandQueue.h">
      <Filter>Engine</Filter>
    </ClInclude>
    <ClInclude Include="Device.h">
      <Filter>Engine</Filter>
    </ClInclude>
    <ClInclude Include="Engine.h">
      <Filter>Engine</Filter>
    </ClInclude>
    <ClInclude Include="RootSignature.h">
      <Filter>Engine</Filter>
    </ClInclude>
    <ClInclude Include="Shader.h">
      <Filter>Object\Resources</Filter>
    </ClInclude>
    <ClInclude Include="Mesh.h">
      <Filter>Object\Resources</Filter>
    </ClInclude>
    <ClInclude Include="ConstantBuffer.h">
      <Filter>Engine</Filter>
    </ClInclude>
    <ClInclude Include="TableDescriptorHeap.h">
      <Filter>Engine</Filter>
    </ClInclude>
    <ClInclude Include="Texture.h">
      <Filter>Object\Resources</Filter>
    </ClInclude>
    <ClInclude Include="DepthStencilBuffer.h">
      <Filter>Engine</Filter>
    </ClInclude>
    <ClInclude Include="Timer.h">
      <Filter>Manager</Filter>
    </ClInclude>
    <ClInclude Include="Input.h">
      <Filter>Manager</Filter>
    </ClInclude>
  </ItemGroup>
  <ItemGroup>
    <ClCompile Include="pch.cpp">
      <Filter>Utils</Filter>
    </ClCompile>
    <ClCompile Include="EnginePch.cpp">
      <Filter>Utils</Filter>
    </ClCompile>
    <ClCompile Include="CommandQueue.cpp">
      <Filter>Engine</Filter>
    </ClCompile>
    <ClCompile Include="SwapChain.cpp">
      <Filter>Engine</Filter>
    </ClCompile>
    <ClCompile Include="Device.cpp">
      <Filter>Engine</Filter>
    </ClCompile>
    <ClCompile Include="Engine.cpp">
      <Filter>Engine</Filter>
    </ClCompile>
    <ClCompile Include="RootSignature.cpp">
      <Filter>Engine</Filter>
    </ClCompile>
    <ClCompile Include="Shader.cpp">
      <Filter>Object\Resources</Filter>
    </ClCompile>
    <ClCompile Include="Mesh.cpp">
      <Filter>Object\Resources</Filter>
    </ClCompile>
    <ClCompile Include="ConstantBuffer.cpp">
      <Filter>Engine</Filter>
    </ClCompile>
    <ClCompile Include="TableDescriptorHeap.cpp">
      <Filter>Engine</Filter>
    </ClCompile>
    <ClCompile Include="Texture.cpp">
      <Filter>Object\Resources</Filter>
    </ClCompile>
    <ClCompile Include="DepthStencilBuffer.cpp">
      <Filter>Engine</Filter>
    </ClCompile>
    <ClCompile Include="Input.cpp">
      <Filter>Manager</Filter>
    </ClCompile>
    <ClCompile Include="Timer.cpp">
      <Filter>Manager</Filter>
    </ClCompile>
  </ItemGroup>
  <ItemGroup>
    <Filter Include="Engine">
      <UniqueIdentifier>{42882469-fdad-45b0-93a0-f0dd4a3e930d}</UniqueIdentifier>
    </Filter>
    <Filter Include="Object">
      <UniqueIdentifier>{09182f90-c815-45e4-a821-8530082376e5}</UniqueIdentifier>
    </Filter>
    <Filter Include="Object\Component">
      <UniqueIdentifier>{2c7d7540-05d9-4313-84a5-b2caa465118b}</UniqueIdentifier>
    </Filter>
    <Filter Include="Shader">
      <UniqueIdentifier>{a300edbb-db40-4a89-92c2-67830694cd79}</UniqueIdentifier>
    </Filter>
    <Filter Include="Utils">
      <UniqueIdentifier>{f1e4b7f4-3f81-49c2-8bfc-8567ca97c2a7}</UniqueIdentifier>
    </Filter>
    <Filter Include="Object\Resources">
      <UniqueIdentifier>{413ad32f-500a-492d-bbd2-220ee4bb1e38}</UniqueIdentifier>
    </Filter>
    <Filter Include="Manager">
      <UniqueIdentifier>{eab614e0-6e5e-4069-a69b-edab70465392}</UniqueIdentifier>
    </Filter>
  </ItemGroup>
  <ItemGroup>
    <None Include="..\Resources\Shader\default.hlsli">
      <Filter>Shader</Filter>
    </None>
  </ItemGroup>
</Project>